
Microsoft Visual Studio Solution File, Format Version 12.00
# Visual Studio Version 16
VisualStudioVersion = 16.0.31729.503
MinimumVisualStudioVersion = 10.0.40219.1
Project("{8BC9CEB8-8B4A-11D0-8D11-00A0C91BC942}") = "Pong", "Pong.vcxproj", "{9EEEA9A6-682A-457F-9342-15798C91012E}"
EndProject
Global
	GlobalSection(SolutionConfigurationPlatforms) = preSolution
		Debug|x64 = Debug|x64
		Debug|x86 = Debug|x86
		Release|x64 = Release|x64
		Release|x86 = Release|x86
	EndGlobalSection
	GlobalSection(ProjectConfigurationPlatforms) = postSolution
		{9EEEA9A6-682A-457F-9342-15798C91012E}.Debug|x64.ActiveCfg = Debug|x64
		{9EEEA9A6-682A-457F-9342-15798C91012E}.Debug|x64.Build.0 = Debug|x64
		{9EEEA9A6-682A-457F-9342-15798C91012E}.Debug|x86.ActiveCfg = Debug|Win32
		{9EEEA9A6-682A-457F-9342-15798C91012E}.Debug|x86.Build.0 = Debug|Win32
		{9EEEA9A6-682A-457F-9342-15798C91012E}.Release|x64.ActiveCfg = Release|x64
		{9EEEA9A6-682A-457F-9342-15798C91012E}.Release|x64.Build.0 = Release|x64
		{9EEEA9A6-682A-457F-9342-15798C91012E}.Release|x86.ActiveCfg = Release|Win32
		{9EEEA9A6-682A-457F-9342-15798C91012E}.Release|x86.Build.0 = Release|Win32
	EndGlobalSection
	GlobalSection(SolutionProperties) = preSolution
		HideSolutionNode = FALSE
	EndGlobalSection
	GlobalSection(ExtensibilityGlobals) = postSolution
		SolutionGuid = {2366FE97-EDF4-498C-9D95-D822E688FC25}
	EndGlobalSection
EndGlobal
